
Microsoft Visual Studio Solution File, Format Version 12.00
# Visual Studio Version 17
VisualStudioVersion = 17.14.36717.8 d17.14
MinimumVisualStudioVersion = 10.0.40219.1
Project("{FAE04EC0-301F-11D3-BF4B-00C04F79EFBC}") = "re_server", "re_server\re_server.csproj", "{A6153D91-965F-4163-B70E-551DA7CB9828}"
EndProject
Global
	GlobalSection(SolutionConfigurationPlatforms) = preSolution
		Debug|Any CPU = Debug|Any CPU
		Release|Any CPU = Release|Any CPU
	EndGlobalSection
	GlobalSection(ProjectConfigurationPlatforms) = postSolution
		{A6153D91-965F-4163-B70E-551DA7CB9828}.Debug|Any CPU.ActiveCfg = Debug|Any CPU
		{A6153D91-965F-4163-B70E-551DA7CB9828}.Debug|Any CPU.Build.0 = Debug|Any CPU
		{A6153D91-965F-4163-B70E-551DA7CB9828}.Release|Any CPU.ActiveCfg = Release|Any CPU
		{A6153D91-965F-4163-B70E-551DA7CB9828}.Release|Any CPU.Build.0 = Release|Any CPU
	EndGlobalSection
	GlobalSection(SolutionProperties) = preSolution
		HideSolutionNode = FALSE
	EndGlobalSection
	GlobalSection(ExtensibilityGlobals) = postSolution
		SolutionGuid = {5947D0C6-874B-4DE5-820B-66D29FB83247}
	EndGlobalSection
EndGlobal
