
Microsoft Visual Studio Solution File, Format Version 12.00
# Visual Studio Version 17
VisualStudioVersion = 17.14.36811.4 d17.14
MinimumVisualStudioVersion = 10.0.40219.1
Project("{FAE04EC0-301F-11D3-BF4B-00C04F79EFBC}") = "WpfApp5", "WpfApp5\WpfApp5.csproj", "{A9402CFC-0F27-41FA-AE6F-CE12B3680FF4}"
EndProject
Global
	GlobalSection(SolutionConfigurationPlatforms) = preSolution
		Debug|Any CPU = Debug|Any CPU
		Release|Any CPU = Release|Any CPU
	EndGlobalSection
	GlobalSection(ProjectConfigurationPlatforms) = postSolution
		{A9402CFC-0F27-41FA-AE6F-CE12B3680FF4}.Debug|Any CPU.ActiveCfg = Debug|Any CPU
		{A9402CFC-0F27-41FA-AE6F-CE12B3680FF4}.Debug|Any CPU.Build.0 = Debug|Any CPU
		{A9402CFC-0F27-41FA-AE6F-CE12B3680FF4}.Release|Any CPU.ActiveCfg = Release|Any CPU
		{A9402CFC-0F27-41FA-AE6F-CE12B3680FF4}.Release|Any CPU.Build.0 = Release|Any CPU
	EndGlobalSection
	GlobalSection(SolutionProperties) = preSolution
		HideSolutionNode = FALSE
	EndGlobalSection
	GlobalSection(ExtensibilityGlobals) = postSolution
		SolutionGuid = {E7AC141D-F49E-400F-BFC1-E5A46D57E632}
	EndGlobalSection
EndGlobal
